
Microsoft Visual Studio Solution File, Format Version 11.00
# Visual Studio 2010
Project("{8BC9CEB8-8B4A-11D0-8D11-00A0C91BC942}") = "classification", "classification\classification.vcxproj", "{F06A8AAF-5965-4FF3-A81C-3EF9ECA199DD}"
EndProject
Global
	GlobalSection(SolutionConfigurationPlatforms) = preSolution
		Debug|Win32 = Debug|Win32
		Release|Win32 = Release|Win32
	EndGlobalSection
	GlobalSection(ProjectConfigurationPlatforms) = postSolution
		{F06A8AAF-5965-4FF3-A81C-3EF9ECA199DD}.Debug|Win32.ActiveCfg = Debug|Win32
		{F06A8AAF-5965-4FF3-A81C-3EF9ECA199DD}.Debug|Win32.Build.0 = Debug|Win32
		{F06A8AAF-5965-4FF3-A81C-3EF9ECA199DD}.Release|Win32.ActiveCfg = Release|Win32
		{F06A8AAF-5965-4FF3-A81C-3EF9ECA199DD}.Release|Win32.Build.0 = Release|Win32
	EndGlobalSection
	GlobalSection(SolutionProperties) = preSolution
		HideSolutionNode = FALSE
	EndGlobalSection
EndGlobal
