
Microsoft Visual Studio Solution File, Format Version 11.00
# Visual Studio 2010
Project("{8BC9CEB8-8B4A-11D0-8D11-00A0C91BC942}") = "test_svm", "test_svm\test_svm.vcxproj", "{C77B3765-5A35-49A1-8180-E0EAE8994D08}"
EndProject
Global
	GlobalSection(SolutionConfigurationPlatforms) = preSolution
		Debug|Win32 = Debug|Win32
		Debug|x64 = Debug|x64
		Release|Win32 = Release|Win32
		Release|x64 = Release|x64
	EndGlobalSection
	GlobalSection(ProjectConfigurationPlatforms) = postSolution
		{C77B3765-5A35-49A1-8180-E0EAE8994D08}.Debug|Win32.ActiveCfg = Debug|Win32
		{C77B3765-5A35-49A1-8180-E0EAE8994D08}.Debug|Win32.Build.0 = Debug|Win32
		{C77B3765-5A35-49A1-8180-E0EAE8994D08}.Debug|x64.ActiveCfg = Debug|Win32
		{C77B3765-5A35-49A1-8180-E0EAE8994D08}.Debug|x64.Build.0 = Debug|Win32
		{C77B3765-5A35-49A1-8180-E0EAE8994D08}.Release|Win32.ActiveCfg = Release|Win32
		{C77B3765-5A35-49A1-8180-E0EAE8994D08}.Release|Win32.Build.0 = Release|Win32
		{C77B3765-5A35-49A1-8180-E0EAE8994D08}.Release|x64.ActiveCfg = Release|x64
		{C77B3765-5A35-49A1-8180-E0EAE8994D08}.Release|x64.Build.0 = Release|x64
	EndGlobalSection
	GlobalSection(SolutionProperties) = preSolution
		HideSolutionNode = FALSE
	EndGlobalSection
EndGlobal
